
Microsoft Visual Studio Solution File, Format Version 12.00
# Visual Studio Version 17
VisualStudioVersion = 17.9.34728.123
MinimumVisualStudioVersion = 10.0.40219.1
Project("{FAE04EC0-301F-11D3-BF4B-00C04F79EFBC}") = "comm_WebSocket_ESP32", "comm_WebSocket_ESP32\comm_WebSocket_ESP32.csproj", "{D97AEC82-7CA6-48C6-BE35-E7F6CE6430C3}"
EndProject
Global
	GlobalSection(SolutionConfigurationPlatforms) = preSolution
		Debug|Any CPU = Debug|Any CPU
		Release|Any CPU = Release|Any CPU
	EndGlobalSection
	GlobalSection(ProjectConfigurationPlatforms) = postSolution
		{D97AEC82-7CA6-48C6-BE35-E7F6CE6430C3}.Debug|Any CPU.ActiveCfg = Debug|Any CPU
		{D97AEC82-7CA6-48C6-BE35-E7F6CE6430C3}.Debug|Any CPU.Build.0 = Debug|Any CPU
		{D97AEC82-7CA6-48C6-BE35-E7F6CE6430C3}.Release|Any CPU.ActiveCfg = Release|Any CPU
		{D97AEC82-7CA6-48C6-BE35-E7F6CE6430C3}.Release|Any CPU.Build.0 = Release|Any CPU
	EndGlobalSection
	GlobalSection(SolutionProperties) = preSolution
		HideSolutionNode = FALSE
	EndGlobalSection
	GlobalSection(ExtensibilityGlobals) = postSolution
		SolutionGuid = {9533B63C-094E-4621-9651-29DB89D86DBA}
	EndGlobalSection
EndGlobal
